
Microsoft Visual Studio Solution File, Format Version 12.00
# Visual Studio 15
VisualStudioVersion = 15.0.28307.1169
MinimumVisualStudioVersion = 10.0.40219.1
Project("{8BC9CEB8-8B4A-11D0-8D11-00A0C91BC942}") = "BinarySearch", "BinarySearch\BinarySearch.vcxproj", "{539E8E6F-B897-4880-9999-0B3DAEDA05AA}"
EndProject
Global
	GlobalSection(SolutionConfigurationPlatforms) = preSolution
		Debug|x64 = Debug|x64
		Debug|x86 = Debug|x86
		Release|x64 = Release|x64
		Release|x86 = Release|x86
	EndGlobalSection
	GlobalSection(ProjectConfigurationPlatforms) = postSolution
		{539E8E6F-B897-4880-9999-0B3DAEDA05AA}.Debug|x64.ActiveCfg = Debug|x64
		{539E8E6F-B897-4880-9999-0B3DAEDA05AA}.Debug|x64.Build.0 = Debug|x64
		{539E8E6F-B897-4880-9999-0B3DAEDA05AA}.Debug|x86.ActiveCfg = Debug|Win32
		{539E8E6F-B897-4880-9999-0B3DAEDA05AA}.Debug|x86.Build.0 = Debug|Win32
		{539E8E6F-B897-4880-9999-0B3DAEDA05AA}.Release|x64.ActiveCfg = Release|x64
		{539E8E6F-B897-4880-9999-0B3DAEDA05AA}.Release|x64.Build.0 = Release|x64
		{539E8E6F-B897-4880-9999-0B3DAEDA05AA}.Release|x86.ActiveCfg = Release|Win32
		{539E8E6F-B897-4880-9999-0B3DAEDA05AA}.Release|x86.Build.0 = Release|Win32
	EndGlobalSection
	GlobalSection(SolutionProperties) = preSolution
		HideSolutionNode = FALSE
	EndGlobalSection
	GlobalSection(ExtensibilityGlobals) = postSolution
		SolutionGuid = {36AD6AB4-494D-40D2-9E36-55DA4C32C309}
	EndGlobalSection
EndGlobal
